
Microsoft Visual Studio Solution File, Format Version 12.00
# Visual Studio 15
VisualStudioVersion = 15.0.28307.489
MinimumVisualStudioVersion = 10.0.40219.1
Project("{FAE04EC0-301F-11D3-BF4B-00C04F79EFBC}") = "DockApp", "DockApp\DockApp.csproj", "{62A450C7-3D0B-4ABF-9C4A-A88DCD1AE43A}"
EndProject
Global
	GlobalSection(SolutionConfigurationPlatforms) = preSolution
		Debug|Any CPU = Debug|Any CPU
		Release|Any CPU = Release|Any CPU
	EndGlobalSection
	GlobalSection(ProjectConfigurationPlatforms) = postSolution
		{62A450C7-3D0B-4ABF-9C4A-A88DCD1AE43A}.Debug|Any CPU.ActiveCfg = Debug|Any CPU
		{62A450C7-3D0B-4ABF-9C4A-A88DCD1AE43A}.Debug|Any CPU.Build.0 = Debug|Any CPU
		{62A450C7-3D0B-4ABF-9C4A-A88DCD1AE43A}.Release|Any CPU.ActiveCfg = Release|Any CPU
		{62A450C7-3D0B-4ABF-9C4A-A88DCD1AE43A}.Release|Any CPU.Build.0 = Release|Any CPU
	EndGlobalSection
	GlobalSection(SolutionProperties) = preSolution
		HideSolutionNode = FALSE
	EndGlobalSection
	GlobalSection(ExtensibilityGlobals) = postSolution
		SolutionGuid = {C514CE6F-1FA0-4469-BB98-BB1AFFE215E8}
	EndGlobalSection
EndGlobal
